// !$*UTF8*$!
{
	archiveVersion = 1;
	classes = {
	};
	objectVersion = 46;
	objects = {

/* Begin PBXBuildFile section */
		35431F5A1C732FC50098648D /* main.m in Sources */ = {isa = PBXBuildFile; fileRef = 35431F591C732FC50098648D /* main.m */; };
		35431F5D1C732FC50098648D /* AppDelegate.m in Sources */ = {isa = PBXBuildFile; fileRef = 35431F5C1C732FC50098648D /* AppDelegate.m */; };
		35431F601C732FC50098648D /* ViewController.m in Sources */ = {isa = PBXBuildFile; fileRef = 35431F5F1C732FC50098648D /* ViewController.m */; };
		35431F631C732FC50098648D /* Main.storyboard in Resources */ = {isa = PBXBuildFile; fileRef = 35431F611C732FC50098648D /* Main.storyboard */; };
		35431F651C732FC50098648D /* Images.xcassets in Resources */ = {isa = PBXBuildFile; fileRef = 35431F641C732FC50098648D /* Images.xcassets */; };
		35431F681C732FC50098648D /* LaunchScreen.xib in Resources */ = {isa = PBXBuildFile; fileRef = 35431F661C732FC50098648D /* LaunchScreen.xib */; };
		35431F871C73349B0098648D /* ChartModel.m in Sources */ = {isa = PBXBuildFile; fileRef = 35431F861C73349B0098648D /* ChartModel.m */; };
		35431F8F1C7338370098648D /* MTChartCellView.m in Sources */ = {isa = PBXBuildFile; fileRef = 35431F8D1C7338370098648D /* MTChartCellView.m */; };
		35431F901C7338370098648D /* MTChartCellView.xib in Resources */ = {isa = PBXBuildFile; fileRef = 35431F8E1C7338370098648D /* MTChartCellView.xib */; };
		35431F941C7339010098648D /* CView.m in Sources */ = {isa = PBXBuildFile; fileRef = 35431F921C7339010098648D /* CView.m */; };
		35431F961C7339070098648D /* CPoint.m in Sources */ = {isa = PBXBuildFile; fileRef = 35431F891C73365C0098648D /* CPoint.m */; };
/* End PBXBuildFile section */

/* Begin PBXFileReference section */
		35431F541C732FC50098648D /* Chart.app */ = {isa = PBXFileReference; explicitFileType = wrapper.application; includeInIndex = 0; path = Chart.app; sourceTree = BUILT_PRODUCTS_DIR; };
		35431F581C732FC50098648D /* Info.plist */ = {isa = PBXFileReference; lastKnownFileType = text.plist.xml; path = Info.plist; sourceTree = "<group>"; };
		35431F591C732FC50098648D /* main.m */ = {isa = PBXFileReference; lastKnownFileType = sourcecode.c.objc; path = main.m; sourceTree = "<group>"; };
		35431F5B1C732FC50098648D /* AppDelegate.h */ = {isa = PBXFileReference; lastKnownFileType = sourcecode.c.h; path = AppDelegate.h; sourceTree = "<group>"; };
		35431F5C1C732FC50098648D /* AppDelegate.m */ = {isa = PBXFileReference; lastKnownFileType = sourcecode.c.objc; path = AppDelegate.m; sourceTree = "<group>"; };
		35431F5E1C732FC50098648D /* ViewController.h */ = {isa = PBXFileReference; lastKnownFileType = sourcecode.c.h; path = ViewController.h; sourceTree = "<group>"; };
		35431F5F1C732FC50098648D /* ViewController.m */ = {isa = PBXFileReference; lastKnownFileType = sourcecode.c.objc; path = ViewController.m; sourceTree = "<group>"; };
		35431F621C732FC50098648D /* Base */ = {isa = PBXFileReference; lastKnownFileType = file.storyboard; name = Base; path = Base.lproj/Main.storyboard; sourceTree = "<group>"; };
		35431F641C732FC50098648D /* Images.xcassets */ = {isa = PBXFileReference; lastKnownFileType = folder.assetcatalog; path = Images.xcassets; sourceTree = "<group>"; };
		35431F671C732FC50098648D /* Base */ = {isa = PBXFileReference; lastKnownFileType = file.xib; name = Base; path = Base.lproj/LaunchScreen.xib; sourceTree = "<group>"; };
		35431F851C73349B0098648D /* ChartModel.h */ = {isa = PBXFileReference; fileEncoding = 4; lastKnownFileType = sourcecode.c.h; name = ChartModel.h; path = chart/ChartModel.h; sourceTree = "<group>"; };
		35431F861C73349B0098648D /* ChartModel.m */ = {isa = PBXFileReference; fileEncoding = 4; lastKnownFileType = sourcecode.c.objc; name = ChartModel.m; path = chart/ChartModel.m; sourceTree = "<group>"; };
		35431F881C73365C0098648D /* CPoint.h */ = {isa = PBXFileReference; lastKnownFileType = sourcecode.c.h; name = CPoint.h; path = chart/CPoint.h; sourceTree = "<group>"; };
		35431F891C73365C0098648D /* CPoint.m */ = {isa = PBXFileReference; lastKnownFileType = sourcecode.c.objc; name = CPoint.m; path = chart/CPoint.m; sourceTree = "<group>"; };
		35431F8C1C7338370098648D /* MTChartCellView.h */ = {isa = PBXFileReference; fileEncoding = 4; lastKnownFileType = sourcecode.c.h; name = MTChartCellView.h; path = chart/MTChartCellView.h; sourceTree = "<group>"; };
		35431F8D1C7338370098648D /* MTChartCellView.m */ = {isa = PBXFileReference; fileEncoding = 4; lastKnownFileType = sourcecode.c.objc; name = MTChartCellView.m; path = chart/MTChartCellView.m; sourceTree = "<group>"; };
		35431F8E1C7338370098648D /* MTChartCellView.xib */ = {isa = PBXFileReference; fileEncoding = 4; lastKnownFileType = file.xib; name = MTChartCellView.xib; path = chart/MTChartCellView.xib; sourceTree = "<group>"; };
		35431F911C7339010098648D /* CView.h */ = {isa = PBXFileReference; lastKnownFileType = sourcecode.c.h; name = CView.h; path = chart/CView.h; sourceTree = "<group>"; };
		35431F921C7339010098648D /* CView.m */ = {isa = PBXFileReference; lastKnownFileType = sourcecode.c.objc; name = CView.m; path = chart/CView.m; sourceTree = "<group>"; };
/* End PBXFileReference section */

/* Begin PBXFrameworksBuildPhase section */
		35431F511C732FC50098648D /* Frameworks */ = {
			isa = PBXFrameworksBuildPhase;
			buildActionMask = 2147483647;
			files = (
			);
			runOnlyForDeploymentPostprocessing = 0;
		};
/* End PBXFrameworksBuildPhase section */

/* Begin PBXGroup section */
		35431F4B1C732FC50098648D = {
			isa = PBXGroup;
			children = (
				35431F561C732FC50098648D /* Chart */,
				35431F551C732FC50098648D /* Products */,
			);
			sourceTree = "<group>";
		};
		35431F551C732FC50098648D /* Products */ = {
			isa = PBXGroup;
			children = (
				35431F541C732FC50098648D /* Chart.app */,
			);
			name = Products;
			sourceTree = "<group>";
		};
		35431F561C732FC50098648D /* Chart */ = {
			isa = PBXGroup;
			children = (
				35431F7D1C7333B40098648D /* chart */,
				35431F5B1C732FC50098648D /* AppDelegate.h */,
				35431F5C1C732FC50098648D /* AppDelegate.m */,
				35431F5E1C732FC50098648D /* ViewController.h */,
				35431F5F1C732FC50098648D /* ViewController.m */,
				35431F611C732FC50098648D /* Main.storyboard */,
				35431F641C732FC50098648D /* Images.xcassets */,
				35431F661C732FC50098648D /* LaunchScreen.xib */,
				35431F571C732FC50098648D /* Supporting Files */,
			);
			path = Chart;
			sourceTree = "<group>";
		};
		35431F571C732FC50098648D /* Supporting Files */ = {
			isa = PBXGroup;
			children = (
				35431F581C732FC50098648D /* Info.plist */,
				35431F591C732FC50098648D /* main.m */,
			);
			name = "Supporting Files";
			sourceTree = "<group>";
		};
		35431F7D1C7333B40098648D /* chart */ = {
			isa = PBXGroup;
			children = (
				35431F911C7339010098648D /* CView.h */,
				35431F921C7339010098648D /* CView.m */,
				35431F8C1C7338370098648D /* MTChartCellView.h */,
				35431F8D1C7338370098648D /* MTChartCellView.m */,
				35431F8E1C7338370098648D /* MTChartCellView.xib */,
				35431F881C73365C0098648D /* CPoint.h */,
				35431F891C73365C0098648D /* CPoint.m */,
				35431F851C73349B0098648D /* ChartModel.h */,
				35431F861C73349B0098648D /* ChartModel.m */,
			);
			name = chart;
			sourceTree = "<group>";
		};
/* End PBXGroup section */

/* Begin PBXNativeTarget section */
		35431F531C732FC50098648D /* Chart */ = {
			isa = PBXNativeTarget;
			buildConfigurationList = 35431F771C732FC50098648D /* Build configuration list for PBXNativeTarget "Chart" */;
			buildPhases = (
				35431F501C732FC50098648D /* Sources */,
				35431F511C732FC50098648D /* Frameworks */,
				35431F521C732FC50098648D /* Resources */,
			);
			buildRules = (
			);
			dependencies = (
			);
			name = Chart;
			productName = Chart;
			productReference = 35431F541C732FC50098648D /* Chart.app */;
			productType = "com.apple.product-type.application";
		};
/* End PBXNativeTarget section */

/* Begin PBXProject section */
		35431F4C1C732FC50098648D /* Project object */ = {
			isa = PBXProject;
			attributes = {
				LastUpgradeCheck = 0630;
				ORGANIZATIONNAME = Rostyslav.Stepanyak;
				TargetAttributes = {
					35431F531C732FC50098648D = {
						CreatedOnToolsVersion = 6.3.1;
					};
				};
			};
			buildConfigurationList = 35431F4F1C732FC50098648D /* Build configuration list for PBXProject "Chart" */;
			compatibilityVersion = "Xcode 3.2";
			developmentRegion = English;
			hasScannedForEncodings = 0;
			knownRegions = (
				en,
				Base,
			);
			mainGroup = 35431F4B1C732FC50098648D;
			productRefGroup = 35431F551C732FC50098648D /* Products */;
			projectDirPath = "";
			projectRoot = "";
			targets = (
				35431F531C732FC50098648D /* Chart */,
			);
		};
/* End PBXProject section */

/* Begin PBXResourcesBuildPhase section */
		35431F521C732FC50098648D /* Resources */ = {
			isa = PBXResourcesBuildPhase;
			buildActionMask = 2147483647;
			files = (
				35431F631C732FC50098648D /* Main.storyboard in Resources */,
				35431F681C732FC50098648D /* LaunchScreen.xib in Resources */,
				35431F901C7338370098648D /* MTChartCellView.xib in Resources */,
				35431F651C732FC50098648D /* Images.xcassets in Resources */,
			);
			runOnlyForDeploymentPostprocessing = 0;
		};
/* End PBXResourcesBuildPhase section */

/* Begin PBXSourcesBuildPhase section */
		35431F501C732FC50098648D /* Sources */ = {
			isa = PBXSourcesBuildPhase;
			buildActionMask = 2147483647;
			files = (
				35431F8F1C7338370098648D /* MTChartCellView.m in Sources */,
				35431F601C732FC50098648D /* ViewController.m in Sources */,
				35431F941C7339010098648D /* CView.m in Sources */,
				35431F961C7339070098648D /* CPoint.m in Sources */,
				35431F5D1C732FC50098648D /* AppDelegate.m in Sources */,
				35431F871C73349B0098648D /* ChartModel.m in Sources */,
				35431F5A1C732FC50098648D /* main.m in Sources */,
			);
			runOnlyForDeploymentPostprocessing = 0;
		};
/* End PBXSourcesBuildPhase section */

/* Begin PBXVariantGroup section */
		35431F611C732FC50098648D /* Main.storyboard */ = {
			isa = PBXVariantGroup;
			children = (
				35431F621C732FC50098648D /* Base */,
			);
			name = Main.storyboard;
			sourceTree = "<group>";
		};
		35431F661C732FC50098648D /* LaunchScreen.xib */ = {
			isa = PBXVariantGroup;
			children = (
				35431F671C732FC50098648D /* Base */,
			);
			name = LaunchScreen.xib;
			sourceTree = "<group>";
		};
/* End PBXVariantGroup section */

/* Begin XCBuildConfiguration section */
		35431F751C732FC50098648D /* Debug */ = {
			isa = XCBuildConfiguration;
			buildSettings = {
				ALWAYS_SEARCH_USER_PATHS = NO;
				CLANG_CXX_LANGUAGE_STANDARD = "gnu++0x";
				CLANG_CXX_LIBRARY = "libc++";
				CLANG_ENABLE_MODULES = YES;
				CLANG_ENABLE_OBJC_ARC = YES;
				CLANG_WARN_BOOL_CONVERSION = YES;
				CLANG_WARN_CONSTANT_CONVERSION = YES;
				CLANG_WARN_DIRECT_OBJC_ISA_USAGE = YES_ERROR;
				CLANG_WARN_EMPTY_BODY = YES;
				CLANG_WARN_ENUM_CONVERSION = YES;
				CLANG_WARN_INT_CONVERSION = YES;
				CLANG_WARN_OBJC_ROOT_CLASS = YES_ERROR;
				CLANG_WARN_UNREACHABLE_CODE = YES;
				CLANG_WARN__DUPLICATE_METHOD_MATCH = YES;
				"CODE_SIGN_IDENTITY[sdk=iphoneos*]" = "iPhone Developer";
				COPY_PHASE_STRIP = NO;
				DEBUG_INFORMATION_FORMAT = "dwarf-with-dsym";
				ENABLE_STRICT_OBJC_MSGSEND = YES;
				GCC_C_LANGUAGE_STANDARD = gnu99;
				GCC_DYNAMIC_NO_PIC = NO;
				GCC_NO_COMMON_BLOCKS = YES;
				GCC_OPTIMIZATION_LEVEL = 0;
				GCC_PREPROCESSOR_DEFINITIONS = (
					"DEBUG=1",
					"$(inherited)",
				);
				GCC_SYMBOLS_PRIVATE_EXTERN = NO;
				GCC_WARN_64_TO_32_BIT_CONVERSION = YES;
				GCC_WARN_ABOUT_RETURN_TYPE = YES_ERROR;
				GCC_WARN_UNDECLARED_SELECTOR = YES;
				GCC_WARN_UNINITIALIZED_AUTOS = YES_AGGRESSIVE;
				GCC_WARN_UNUSED_FUNCTION = YES;
				GCC_WARN_UNUSED_VARIABLE = YES;
				IPHONEOS_DEPLOYMENT_TARGET = 8.3;
				MTL_ENABLE_DEBUG_INFO = YES;
				ONLY_ACTIVE_ARCH = YES;
				SDKROOT = iphoneos;
				TARGETED_DEVICE_FAMILY = "1,2";
			};
			name = Debug;
		};
		35431F761C732FC50098648D /* Release */ = {
			isa = XCBuildConfiguration;
			buildSettings = {
				ALWAYS_SEARCH_USER_PATHS = NO;
				CLANG_CXX_LANGUAGE_STANDARD = "gnu++0x";
				CLANG_CXX_LIBRARY = "libc++";
				CLANG_ENABLE_MODULES = YES;
				CLANG_ENABLE_OBJC_ARC = YES;
				CLANG_WARN_BOOL_CONVERSION = YES;
				CLANG_WARN_CONSTANT_CONVERSION = YES;
				CLANG_WARN_DIRECT_OBJC_ISA_USAGE = YES_ERROR;
				CLANG_WARN_EMPTY_BODY = YES;
				CLANG_WARN_ENUM_CONVERSION = YES;
				CLANG_WARN_INT_CONVERSION = YES;
				CLANG_WARN_OBJC_ROOT_CLASS = YES_ERROR;
				CLANG_WARN_UNREACHABLE_CODE = YES;
				CLANG_WARN__DUPLICATE_METHOD_MATCH = YES;
				"CODE_SIGN_IDENTITY[sdk=iphoneos*]" = "iPhone Developer";
				COPY_PHASE_STRIP = NO;
				DEBUG_INFORMATION_FORMAT = "dwarf-with-dsym";
				ENABLE_NS_ASSERTIONS = NO;
				ENABLE_STRICT_OBJC_MSGSEND = YES;
				GCC_C_LANGUAGE_STANDARD = gnu99;
				GCC_NO_COMMON_BLOCKS = YES;
				GCC_WARN_64_TO_32_BIT_CONVERSION = YES;
				GCC_WARN_ABOUT_RETURN_TYPE = YES_ERROR;
				GCC_WARN_UNDECLARED_SELECTOR = YES;
				GCC_WARN_UNINITIALIZED_AUTOS = YES_AGGRESSIVE;
				GCC_WARN_UNUSED_FUNCTION = YES;
				GCC_WARN_UNUSED_VARIABLE = YES;
				IPHONEOS_DEPLOYMENT_TARGET = 8.3;
				MTL_ENABLE_DEBUG_INFO = NO;
				SDKROOT = iphoneos;
				TARGETED_DEVICE_FAMILY = "1,2";
				VALIDATE_PRODUCT = YES;
			};
			name = Release;
		};
		35431F781C732FC50098648D /* Debug */ = {
			isa = XCBuildConfiguration;
			buildSettings = {
				ASSETCATALOG_COMPILER_APPICON_NAME = AppIcon;
				INFOPLIST_FILE = Chart/Info.plist;
				LD_RUNPATH_SEARCH_PATHS = "$(inherited) @executable_path/Frameworks";
				PRODUCT_NAME = "$(TARGET_NAME)";
			};
			name = Debug;
		};
		35431F791C732FC50098648D /* Release */ = {
			isa = XCBuildConfiguration;
			buildSettings = {
				ASSETCATALOG_COMPILER_APPICON_NAME = AppIcon;
				INFOPLIST_FILE = Chart/Info.plist;
				LD_RUNPATH_SEARCH_PATHS = "$(inherited) @executable_path/Frameworks";
				PRODUCT_NAME = "$(TARGET_NAME)";
			};
			name = Release;
		};
/* End XCBuildConfiguration section */

/* Begin XCConfigurationList section */
		35431F4F1C732FC50098648D /* Build configuration list for PBXProject "Chart" */ = {
			isa = XCConfigurationList;
			buildConfigurations = (
				35431F751C732FC50098648D /* Debug */,
				35431F761C732FC50098648D /* Release */,
			);
			defaultConfigurationIsVisible = 0;
			defaultConfigurationName = Release;
		};
		35431F771C732FC50098648D /* Build configuration list for PBXNativeTarget "Chart" */ = {
			isa = XCConfigurationList;
			buildConfigurations = (
				35431F781C732FC50098648D /* Debug */,
				35431F791C732FC50098648D /* Release */,
			);
			defaultConfigurationIsVisible = 0;
			defaultConfigurationName = Release;
		};
/* End XCConfigurationList section */
	};
	rootObject = 35431F4C1C732FC50098648D /* Project object */;
}
